// !$*UTF8*$!
{
	archiveVersion = 1;
	classes = {
	};
	objectVersion = 55;
	objects = {

/* Begin PBXBuildFile section */
		C9293BA228AADFB800EE178F /* Color-Themes.swift in Sources */ = {isa = PBXBuildFile; fileRef = C9293BA128AADFB800EE178F /* Color-Themes.swift */; };
		C994BA4728A3E794003CBBBF /* MoonshotApp.swift in Sources */ = {isa = PBXBuildFile; fileRef = C994BA4628A3E794003CBBBF /* MoonshotApp.swift */; };
		C994BA4928A3E794003CBBBF /* ContentView.swift in Sources */ = {isa = PBXBuildFile; fileRef = C994BA4828A3E794003CBBBF /* ContentView.swift */; };
		C994BA4B28A3E794003CBBBF /* Assets.xcassets in Resources */ = {isa = PBXBuildFile; fileRef = C994BA4A28A3E794003CBBBF /* Assets.xcassets */; };
		C994BA4E28A3E794003CBBBF /* Preview Assets.xcassets in Resources */ = {isa = PBXBuildFile; fileRef = C994BA4D28A3E794003CBBBF /* Preview Assets.xcassets */; };
		C994BA5828A3E794003CBBBF /* MoonshotTests.swift in Sources */ = {isa = PBXBuildFile; fileRef = C994BA5728A3E794003CBBBF /* MoonshotTests.swift */; };
		C994BA6228A3E794003CBBBF /* MoonshotUITests.swift in Sources */ = {isa = PBXBuildFile; fileRef = C994BA6128A3E794003CBBBF /* MoonshotUITests.swift */; };
		C994BA6428A3E794003CBBBF /* MoonshotUITestsLaunchTests.swift in Sources */ = {isa = PBXBuildFile; fileRef = C994BA6328A3E794003CBBBF /* MoonshotUITestsLaunchTests.swift */; };
		C9AE57A028AA02DD00BC25C4 /* astronauts.json in Resources */ = {isa = PBXBuildFile; fileRef = C9AE579F28AA02DD00BC25C4 /* astronauts.json */; };
		C9AE57A228AA030800BC25C4 /* Mission.swift in Sources */ = {isa = PBXBuildFile; fileRef = C9AE57A128AA030800BC25C4 /* Mission.swift */; };
		C9F08B6628A9FCF70026E3EB /* Astronaut.swift in Sources */ = {isa = PBXBuildFile; fileRef = C9F08B6528A9FCF70026E3EB /* Astronaut.swift */; };
		C9F08B6828A9FD790026E3EB /* Bundle-Decodable.swift in Sources */ = {isa = PBXBuildFile; fileRef = C9F08B6728A9FD790026E3EB /* Bundle-Decodable.swift */; };
		C9F08B6C28AA020B0026E3EB /* missions.json in Resources */ = {isa = PBXBuildFile; fileRef = C9F08B6B28AA020B0026E3EB /* missions.json */; };
/* End PBXBuildFile section */

/* Begin PBXContainerItemProxy section */
		C994BA5428A3E794003CBBBF /* PBXContainerItemProxy */ = {
			isa = PBXContainerItemProxy;
			containerPortal = C994BA3B28A3E794003CBBBF /* Project object */;
			proxyType = 1;
			remoteGlobalIDString = C994BA4228A3E794003CBBBF;
			remoteInfo = Moonshot;
		};
		C994BA5E28A3E794003CBBBF /* PBXContainerItemProxy */ = {
			isa = PBXContainerItemProxy;
			containerPortal = C994BA3B28A3E794003CBBBF /* Project object */;
			proxyType = 1;
			remoteGlobalIDString = C994BA4228A3E794003CBBBF;
			remoteInfo = Moonshot;
		};
/* End PBXContainerItemProxy section */

/* Begin PBXFileReference section */
		C9293BA128AADFB800EE178F /* Color-Themes.swift */ = {isa = PBXFileReference; lastKnownFileType = sourcecode.swift; path = "Color-Themes.swift"; sourceTree = "<group>"; };
		C994BA4328A3E794003CBBBF /* Moonshot.app */ = {isa = PBXFileReference; explicitFileType = wrapper.application; includeInIndex = 0; path = Moonshot.app; sourceTree = BUILT_PRODUCTS_DIR; };
		C994BA4628A3E794003CBBBF /* MoonshotApp.swift */ = {isa = PBXFileReference; lastKnownFileType = sourcecode.swift; path = MoonshotApp.swift; sourceTree = "<group>"; };
		C994BA4828A3E794003CBBBF /* ContentView.swift */ = {isa = PBXFileReference; lastKnownFileType = sourcecode.swift; path = ContentView.swift; sourceTree = "<group>"; };
		C994BA4A28A3E794003CBBBF /* Assets.xcassets */ = {isa = PBXFileReference; lastKnownFileType = folder.assetcatalog; path = Assets.xcassets; sourceTree = "<group>"; };
		C994BA4D28A3E794003CBBBF /* Preview Assets.xcassets */ = {isa = PBXFileReference; lastKnownFileType = folder.assetcatalog; path = "Preview Assets.xcassets"; sourceTree = "<group>"; };
		C994BA5328A3E794003CBBBF /* MoonshotTests.xctest */ = {isa = PBXFileReference; explicitFileType = wrapper.cfbundle; includeInIndex = 0; path = MoonshotTests.xctest; sourceTree = BUILT_PRODUCTS_DIR; };
		C994BA5728A3E794003CBBBF /* MoonshotTests.swift */ = {isa = PBXFileReference; lastKnownFileType = sourcecode.swift; path = MoonshotTests.swift; sourceTree = "<group>"; };
		C994BA5D28A3E794003CBBBF /* MoonshotUITests.xctest */ = {isa = PBXFileReference; explicitFileType = wrapper.cfbundle; includeInIndex = 0; path = MoonshotUITests.xctest; sourceTree = BUILT_PRODUCTS_DIR; };
		C994BA6128A3E794003CBBBF /* MoonshotUITests.swift */ = {isa = PBXFileReference; lastKnownFileType = sourcecode.swift; path = MoonshotUITests.swift; sourceTree = "<group>"; };
		C994BA6328A3E794003CBBBF /* MoonshotUITestsLaunchTests.swift */ = {isa = PBXFileReference; lastKnownFileType = sourcecode.swift; path = MoonshotUITestsLaunchTests.swift; sourceTree = "<group>"; };
		C9AE579F28AA02DD00BC25C4 /* astronauts.json */ = {isa = PBXFileReference; fileEncoding = 4; lastKnownFileType = text.json; path = astronauts.json; sourceTree = "<group>"; };
		C9AE57A128AA030800BC25C4 /* Mission.swift */ = {isa = PBXFileReference; lastKnownFileType = sourcecode.swift; path = Mission.swift; sourceTree = "<group>"; };
		C9F08B6528A9FCF70026E3EB /* Astronaut.swift */ = {isa = PBXFileReference; lastKnownFileType = sourcecode.swift; path = Astronaut.swift; sourceTree = "<group>"; };
		C9F08B6728A9FD790026E3EB /* Bundle-Decodable.swift */ = {isa = PBXFileReference; lastKnownFileType = sourcecode.swift; path = "Bundle-Decodable.swift"; sourceTree = "<group>"; };
		C9F08B6B28AA020B0026E3EB /* missions.json */ = {isa = PBXFileReference; fileEncoding = 4; lastKnownFileType = text.json; path = missions.json; sourceTree = "<group>"; };
/* End PBXFileReference section */

/* Begin PBXFrameworksBuildPhase section */
		C994BA4028A3E794003CBBBF /* Frameworks */ = {
			isa = PBXFrameworksBuildPhase;
			buildActionMask = 2147483647;
			files = (
			);
			runOnlyForDeploymentPostprocessing = 0;
		};
		C994BA5028A3E794003CBBBF /* Frameworks */ = {
			isa = PBXFrameworksBuildPhase;
			buildActionMask = 2147483647;
			files = (
			);
			runOnlyForDeploymentPostprocessing = 0;
		};
		C994BA5A28A3E794003CBBBF /* Frameworks */ = {
			isa = PBXFrameworksBuildPhase;
			buildActionMask = 2147483647;
			files = (
			);
			runOnlyForDeploymentPostprocessing = 0;
		};
/* End PBXFrameworksBuildPhase section */

/* Begin PBXGroup section */
		C9293BA028AADF8D00EE178F /* Helpers */ = {
			isa = PBXGroup;
			children = (
				C9F08B6728A9FD790026E3EB /* Bundle-Decodable.swift */,
				C9293BA128AADFB800EE178F /* Color-Themes.swift */,
			);
			path = Helpers;
			sourceTree = "<group>";
		};
		C9913DC628AA06A700734399 /* Views */ = {
			isa = PBXGroup;
			children = (
				C994BA4828A3E794003CBBBF /* ContentView.swift */,
			);
			path = Views;
			sourceTree = "<group>";
		};
		C994BA3A28A3E793003CBBBF = {
			isa = PBXGroup;
			children = (
				C994BA4528A3E794003CBBBF /* Moonshot */,
				C994BA5628A3E794003CBBBF /* MoonshotTests */,
				C994BA6028A3E794003CBBBF /* MoonshotUITests */,
				C994BA4428A3E794003CBBBF /* Products */,
			);
			sourceTree = "<group>";
		};
		C994BA4428A3E794003CBBBF /* Products */ = {
			isa = PBXGroup;
			children = (
				C994BA4328A3E794003CBBBF /* Moonshot.app */,
				C994BA5328A3E794003CBBBF /* MoonshotTests.xctest */,
				C994BA5D28A3E794003CBBBF /* MoonshotUITests.xctest */,
			);
			name = Products;
			sourceTree = "<group>";
		};
		C994BA4528A3E794003CBBBF /* Moonshot */ = {
			isa = PBXGroup;
			children = (
				C9293BA028AADF8D00EE178F /* Helpers */,
				C9913DC628AA06A700734399 /* Views */,
				C9F08B6428A9FCD90026E3EB /* Models */,
				C994BA4628A3E794003CBBBF /* MoonshotApp.swift */,
				C994BA4A28A3E794003CBBBF /* Assets.xcassets */,
				C994BA4C28A3E794003CBBBF /* Preview Content */,
			);
			path = Moonshot;
			sourceTree = "<group>";
		};
		C994BA4C28A3E794003CBBBF /* Preview Content */ = {
			isa = PBXGroup;
			children = (
				C994BA4D28A3E794003CBBBF /* Preview Assets.xcassets */,
			);
			path = "Preview Content";
			sourceTree = "<group>";
		};
		C994BA5628A3E794003CBBBF /* MoonshotTests */ = {
			isa = PBXGroup;
			children = (
				C994BA5728A3E794003CBBBF /* MoonshotTests.swift */,
			);
			path = MoonshotTests;
			sourceTree = "<group>";
		};
		C994BA6028A3E794003CBBBF /* MoonshotUITests */ = {
			isa = PBXGroup;
			children = (
				C994BA6128A3E794003CBBBF /* MoonshotUITests.swift */,
				C994BA6328A3E794003CBBBF /* MoonshotUITestsLaunchTests.swift */,
			);
			path = MoonshotUITests;
			sourceTree = "<group>";
		};
		C9F08B6428A9FCD90026E3EB /* Models */ = {
			isa = PBXGroup;
			children = (
				C9AE579F28AA02DD00BC25C4 /* astronauts.json */,
				C9F08B6B28AA020B0026E3EB /* missions.json */,
				C9F08B6528A9FCF70026E3EB /* Astronaut.swift */,
				C9AE57A128AA030800BC25C4 /* Mission.swift */,
			);
			path = Models;
			sourceTree = "<group>";
		};
/* End PBXGroup section */

/* Begin PBXNativeTarget section */
		C994BA4228A3E794003CBBBF /* Moonshot */ = {
			isa = PBXNativeTarget;
			buildConfigurationList = C994BA6728A3E794003CBBBF /* Build configuration list for PBXNativeTarget "Moonshot" */;
			buildPhases = (
				C994BA3F28A3E794003CBBBF /* Sources */,
				C994BA4028A3E794003CBBBF /* Frameworks */,
				C994BA4128A3E794003CBBBF /* Resources */,
			);
			buildRules = (
			);
			dependencies = (
			);
			name = Moonshot;
			productName = Moonshot;
			productReference = C994BA4328A3E794003CBBBF /* Moonshot.app */;
			productType = "com.apple.product-type.application";
		};
		C994BA5228A3E794003CBBBF /* MoonshotTests */ = {
			isa = PBXNativeTarget;
			buildConfigurationList = C994BA6A28A3E794003CBBBF /* Build configuration list for PBXNativeTarget "MoonshotTests" */;
			buildPhases = (
				C994BA4F28A3E794003CBBBF /* Sources */,
				C994BA5028A3E794003CBBBF /* Frameworks */,
				C994BA5128A3E794003CBBBF /* Resources */,
			);
			buildRules = (
			);
			dependencies = (
				C994BA5528A3E794003CBBBF /* PBXTargetDependency */,
			);
			name = MoonshotTests;
			productName = MoonshotTests;
			productReference = C994BA5328A3E794003CBBBF /* MoonshotTests.xctest */;
			productType = "com.apple.product-type.bundle.unit-test";
		};
		C994BA5C28A3E794003CBBBF /* MoonshotUITests */ = {
			isa = PBXNativeTarget;
			buildConfigurationList = C994BA6D28A3E794003CBBBF /* Build configuration list for PBXNativeTarget "MoonshotUITests" */;
			buildPhases = (
				C994BA5928A3E794003CBBBF /* Sources */,
				C994BA5A28A3E794003CBBBF /* Frameworks */,
				C994BA5B28A3E794003CBBBF /* Resources */,
			);
			buildRules = (
			);
			dependencies = (
				C994BA5F28A3E794003CBBBF /* PBXTargetDependency */,
			);
			name = MoonshotUITests;
			productName = MoonshotUITests;
			productReference = C994BA5D28A3E794003CBBBF /* MoonshotUITests.xctest */;
			productType = "com.apple.product-type.bundle.ui-testing";
		};
/* End PBXNativeTarget section */

/* Begin PBXProject section */
		C994BA3B28A3E794003CBBBF /* Project object */ = {
			isa = PBXProject;
			attributes = {
				BuildIndependentTargetsInParallel = 1;
				LastSwiftUpdateCheck = 1340;
				LastUpgradeCheck = 1340;
				TargetAttributes = {
					C994BA4228A3E794003CBBBF = {
						CreatedOnToolsVersion = 13.4.1;
					};
					C994BA5228A3E794003CBBBF = {
						CreatedOnToolsVersion = 13.4.1;
						TestTargetID = C994BA4228A3E794003CBBBF;
					};
					C994BA5C28A3E794003CBBBF = {
						CreatedOnToolsVersion = 13.4.1;
						TestTargetID = C994BA4228A3E794003CBBBF;
					};
				};
			};
			buildConfigurationList = C994BA3E28A3E794003CBBBF /* Build configuration list for PBXProject "Moonshot" */;
			compatibilityVersion = "Xcode 13.0";
			developmentRegion = en;
			hasScannedForEncodings = 0;
			knownRegions = (
				en,
				Base,
			);
			mainGroup = C994BA3A28A3E793003CBBBF;
			productRefGroup = C994BA4428A3E794003CBBBF /* Products */;
			projectDirPath = "";
			projectRoot = "";
			targets = (
				C994BA4228A3E794003CBBBF /* Moonshot */,
				C994BA5228A3E794003CBBBF /* MoonshotTests */,
				C994BA5C28A3E794003CBBBF /* MoonshotUITests */,
			);
		};
/* End PBXProject section */

/* Begin PBXResourcesBuildPhase section */
		C994BA4128A3E794003CBBBF /* Resources */ = {
			isa = PBXResourcesBuildPhase;
			buildActionMask = 2147483647;
			files = (
				C994BA4E28A3E794003CBBBF /* Preview Assets.xcassets in Resources */,
				C9F08B6C28AA020B0026E3EB /* missions.json in Resources */,
				C994BA4B28A3E794003CBBBF /* Assets.xcassets in Resources */,
				C9AE57A028AA02DD00BC25C4 /* astronauts.json in Resources */,
			);
			runOnlyForDeploymentPostprocessing = 0;
		};
		C994BA5128A3E794003CBBBF /* Resources */ = {
			isa = PBXResourcesBuildPhase;
			buildActionMask = 2147483647;
			files = (
			);
			runOnlyForDeploymentPostprocessing = 0;
		};
		C994BA5B28A3E794003CBBBF /* Resources */ = {
			isa = PBXResourcesBuildPhase;
			buildActionMask = 2147483647;
			files = (
			);
			runOnlyForDeploymentPostprocessing = 0;
		};
/* End PBXResourcesBuildPhase section */

/* Begin PBXSourcesBuildPhase section */
		C994BA3F28A3E794003CBBBF /* Sources */ = {
			isa = PBXSourcesBuildPhase;
			buildActionMask = 2147483647;
			files = (
				C9F08B6628A9FCF70026E3EB /* Astronaut.swift in Sources */,
				C994BA4928A3E794003CBBBF /* ContentView.swift in Sources */,
				C994BA4728A3E794003CBBBF /* MoonshotApp.swift in Sources */,
				C9AE57A228AA030800BC25C4 /* Mission.swift in Sources */,
				C9F08B6828A9FD790026E3EB /* Bundle-Decodable.swift in Sources */,
				C9293BA228AADFB800EE178F /* Color-Themes.swift in Sources */,
			);
			runOnlyForDeploymentPostprocessing = 0;
		};
		C994BA4F28A3E794003CBBBF /* Sources */ = {
			isa = PBXSourcesBuildPhase;
			buildActionMask = 2147483647;
			files = (
				C994BA5828A3E794003CBBBF /* MoonshotTests.swift in Sources */,
			);
			runOnlyForDeploymentPostprocessing = 0;
		};
		C994BA5928A3E794003CBBBF /* Sources */ = {
			isa = PBXSourcesBuildPhase;
			buildActionMask = 2147483647;
			files = (
				C994BA6428A3E794003CBBBF /* MoonshotUITestsLaunchTests.swift in Sources */,
				C994BA6228A3E794003CBBBF /* MoonshotUITests.swift in Sources */,
			);
			runOnlyForDeploymentPostprocessing = 0;
		};
/* End PBXSourcesBuildPhase section */

/* Begin PBXTargetDependency section */
		C994BA5528A3E794003CBBBF /* PBXTargetDependency */ = {
			isa = PBXTargetDependency;
			target = C994BA4228A3E794003CBBBF /* Moonshot */;
			targetProxy = C994BA5428A3E794003CBBBF /* PBXContainerItemProxy */;
		};
		C994BA5F28A3E794003CBBBF /* PBXTargetDependency */ = {
			isa = PBXTargetDependency;
			target = C994BA4228A3E794003CBBBF /* Moonshot */;
			targetProxy = C994BA5E28A3E794003CBBBF /* PBXContainerItemProxy */;
		};
/* End PBXTargetDependency section */

/* Begin XCBuildConfiguration section */
		C994BA6528A3E794003CBBBF /* Debug */ = {
			isa = XCBuildConfiguration;
			buildSettings = {
				ALWAYS_SEARCH_USER_PATHS = NO;
				CLANG_ANALYZER_NONNULL = YES;
				CLANG_ANALYZER_NUMBER_OBJECT_CONVERSION = YES_AGGRESSIVE;
				CLANG_CXX_LANGUAGE_STANDARD = "gnu++17";
				CLANG_ENABLE_MODULES = YES;
				CLANG_ENABLE_OBJC_ARC = YES;
				CLANG_ENABLE_OBJC_WEAK = YES;
				CLANG_WARN_BLOCK_CAPTURE_AUTORELEASING = YES;
				CLANG_WARN_BOOL_CONVERSION = YES;
				CLANG_WARN_COMMA = YES;
				CLANG_WARN_CONSTANT_CONVERSION = YES;
				CLANG_WARN_DEPRECATED_OBJC_IMPLEMENTATIONS = YES;
				CLANG_WARN_DIRECT_OBJC_ISA_USAGE = YES_ERROR;
				CLANG_WARN_DOCUMENTATION_COMMENTS = YES;
				CLANG_WARN_EMPTY_BODY = YES;
				CLANG_WARN_ENUM_CONVERSION = YES;
				CLANG_WARN_INFINITE_RECURSION = YES;
				CLANG_WARN_INT_CONVERSION = YES;
				CLANG_WARN_NON_LITERAL_NULL_CONVERSION = YES;
				CLANG_WARN_OBJC_IMPLICIT_RETAIN_SELF = YES;
				CLANG_WARN_OBJC_LITERAL_CONVERSION = YES;
				CLANG_WARN_OBJC_ROOT_CLASS = YES_ERROR;
				CLANG_WARN_QUOTED_INCLUDE_IN_FRAMEWORK_HEADER = YES;
				CLANG_WARN_RANGE_LOOP_ANALYSIS = YES;
				CLANG_WARN_STRICT_PROTOTYPES = YES;
				CLANG_WARN_SUSPICIOUS_MOVE = YES;
				CLANG_WARN_UNGUARDED_AVAILABILITY = YES_AGGRESSIVE;
				CLANG_WARN_UNREACHABLE_CODE = YES;
				CLANG_WARN__DUPLICATE_METHOD_MATCH = YES;
				COPY_PHASE_STRIP = NO;
				DEBUG_INFORMATION_FORMAT = dwarf;
				ENABLE_STRICT_OBJC_MSGSEND = YES;
				ENABLE_TESTABILITY = YES;
				GCC_C_LANGUAGE_STANDARD = gnu11;
				GCC_DYNAMIC_NO_PIC = NO;
				GCC_NO_COMMON_BLOCKS = YES;
				GCC_OPTIMIZATION_LEVEL = 0;
				GCC_PREPROCESSOR_DEFINITIONS = (
					"DEBUG=1",
					"$(inherited)",
				);
				GCC_WARN_64_TO_32_BIT_CONVERSION = YES;
				GCC_WARN_ABOUT_RETURN_TYPE = YES_ERROR;
				GCC_WARN_UNDECLARED_SELECTOR = YES;
				GCC_WARN_UNINITIALIZED_AUTOS = YES_AGGRESSIVE;
				GCC_WARN_UNUSED_FUNCTION = YES;
				GCC_WARN_UNUSED_VARIABLE = YES;
				IPHONEOS_DEPLOYMENT_TARGET = 15.5;
				MTL_ENABLE_DEBUG_INFO = INCLUDE_SOURCE;
				MTL_FAST_MATH = YES;
				ONLY_ACTIVE_ARCH = YES;
				SDKROOT = iphoneos;
				SWIFT_ACTIVE_COMPILATION_CONDITIONS = DEBUG;
				SWIFT_OPTIMIZATION_LEVEL = "-Onone";
			};
			name = Debug;
		};
		C994BA6628A3E794003CBBBF /* Release */ = {
			isa = XCBuildConfiguration;
			buildSettings = {
				ALWAYS_SEARCH_USER_PATHS = NO;
				CLANG_ANALYZER_NONNULL = YES;
				CLANG_ANALYZER_NUMBER_OBJECT_CONVERSION = YES_AGGRESSIVE;
				CLANG_CXX_LANGUAGE_STANDARD = "gnu++17";
				CLANG_ENABLE_MODULES = YES;
				CLANG_ENABLE_OBJC_ARC = YES;
				CLANG_ENABLE_OBJC_WEAK = YES;
				CLANG_WARN_BLOCK_CAPTURE_AUTORELEASING = YES;
				CLANG_WARN_BOOL_CONVERSION = YES;
				CLANG_WARN_COMMA = YES;
				CLANG_WARN_CONSTANT_CONVERSION = YES;
				CLANG_WARN_DEPRECATED_OBJC_IMPLEMENTATIONS = YES;
				CLANG_WARN_DIRECT_OBJC_ISA_USAGE = YES_ERROR;
				CLANG_WARN_DOCUMENTATION_COMMENTS = YES;
				CLANG_WARN_EMPTY_BODY = YES;
				CLANG_WARN_ENUM_CONVERSION = YES;
				CLANG_WARN_INFINITE_RECURSION = YES;
				CLANG_WARN_INT_CONVERSION = YES;
				CLANG_WARN_NON_LITERAL_NULL_CONVERSION = YES;
				CLANG_WARN_OBJC_IMPLICIT_RETAIN_SELF = YES;
				CLANG_WARN_OBJC_LITERAL_CONVERSION = YES;
				CLANG_WARN_OBJC_ROOT_CLASS = YES_ERROR;
				CLANG_WARN_QUOTED_INCLUDE_IN_FRAMEWORK_HEADER = YES;
				CLANG_WARN_RANGE_LOOP_ANALYSIS = YES;
				CLANG_WARN_STRICT_PROTOTYPES = YES;
				CLANG_WARN_SUSPICIOUS_MOVE = YES;
				CLANG_WARN_UNGUARDED_AVAILABILITY = YES_AGGRESSIVE;
				CLANG_WARN_UNREACHABLE_CODE = YES;
				CLANG_WARN__DUPLICATE_METHOD_MATCH = YES;
				COPY_PHASE_STRIP = NO;
				DEBUG_INFORMATION_FORMAT = "dwarf-with-dsym";
				ENABLE_NS_ASSERTIONS = NO;
				ENABLE_STRICT_OBJC_MSGSEND = YES;
				GCC_C_LANGUAGE_STANDARD = gnu11;
				GCC_NO_COMMON_BLOCKS = YES;
				GCC_WARN_64_TO_32_BIT_CONVERSION = YES;
				GCC_WARN_ABOUT_RETURN_TYPE = YES_ERROR;
				GCC_WARN_UNDECLARED_SELECTOR = YES;
				GCC_WARN_UNINITIALIZED_AUTOS = YES_AGGRESSIVE;
				GCC_WARN_UNUSED_FUNCTION = YES;
				GCC_WARN_UNUSED_VARIABLE = YES;
				IPHONEOS_DEPLOYMENT_TARGET = 15.5;
				MTL_ENABLE_DEBUG_INFO = NO;
				MTL_FAST_MATH = YES;
				SDKROOT = iphoneos;
				SWIFT_COMPILATION_MODE = wholemodule;
				SWIFT_OPTIMIZATION_LEVEL = "-O";
				VALIDATE_PRODUCT = YES;
			};
			name = Release;
		};
		C994BA6828A3E794003CBBBF /* Debug */ = {
			isa = XCBuildConfiguration;
			buildSettings = {
				ASSETCATALOG_COMPILER_APPICON_NAME = AppIcon;
				ASSETCATALOG_COMPILER_GLOBAL_ACCENT_COLOR_NAME = AccentColor;
				CODE_SIGN_STYLE = Automatic;
				CURRENT_PROJECT_VERSION = 1;
				DEVELOPMENT_ASSET_PATHS = "\"Moonshot/Preview Content\"";
				DEVELOPMENT_TEAM = TK2D96DLGZ;
				ENABLE_PREVIEWS = YES;
				GENERATE_INFOPLIST_FILE = YES;
				INFOPLIST_KEY_UIApplicationSceneManifest_Generation = YES;
				INFOPLIST_KEY_UIApplicationSupportsIndirectInputEvents = YES;
				INFOPLIST_KEY_UILaunchScreen_Generation = YES;
				INFOPLIST_KEY_UISupportedInterfaceOrientations_iPad = "UIInterfaceOrientationPortrait UIInterfaceOrientationPortraitUpsideDown UIInterfaceOrientationLandscapeLeft UIInterfaceOrientationLandscapeRight";
				INFOPLIST_KEY_UISupportedInterfaceOrientations_iPhone = "UIInterfaceOrientationPortrait UIInterfaceOrientationLandscapeLeft UIInterfaceOrientationLandscapeRight";
				LD_RUNPATH_SEARCH_PATHS = (
					"$(inherited)",
					"@executable_path/Frameworks",
				);
				MARKETING_VERSION = 1.0;
				PRODUCT_BUNDLE_IDENTIFIER = com.jguo.Moonshot;
				PRODUCT_NAME = "$(TARGET_NAME)";
				SWIFT_EMIT_LOC_STRINGS = YES;
				SWIFT_VERSION = 5.0;
				TARGETED_DEVICE_FAMILY = "1,2";
			};
			name = Debug;
		};
		C994BA6928A3E794003CBBBF /* Release */ = {
			isa = XCBuildConfiguration;
			buildSettings = {
				ASSETCATALOG_COMPILER_APPICON_NAME = AppIcon;
				ASSETCATALOG_COMPILER_GLOBAL_ACCENT_COLOR_NAME = AccentColor;
				CODE_SIGN_STYLE = Automatic;
				CURRENT_PROJECT_VERSION = 1;
				DEVELOPMENT_ASSET_PATHS = "\"Moonshot/Preview Content\"";
				DEVELOPMENT_TEAM = TK2D96DLGZ;
				ENABLE_PREVIEWS = YES;
				GENERATE_INFOPLIST_FILE = YES;
				INFOPLIST_KEY_UIApplicationSceneManifest_Generation = YES;
				INFOPLIST_KEY_UIApplicationSupportsIndirectInputEvents = YES;
				INFOPLIST_KEY_UILaunchScreen_Generation = YES;
				INFOPLIST_KEY_UISupportedInterfaceOrientations_iPad = "UIInterfaceOrientationPortrait UIInterfaceOrientationPortraitUpsideDown UIInterfaceOrientationLandscapeLeft UIInterfaceOrientationLandscapeRight";
				INFOPLIST_KEY_UISupportedInterfaceOrientations_iPhone = "UIInterfaceOrientationPortrait UIInterfaceOrientationLandscapeLeft UIInterfaceOrientationLandscapeRight";
				LD_RUNPATH_SEARCH_PATHS = (
					"$(inherited)",
					"@executable_path/Frameworks",
				);
				MARKETING_VERSION = 1.0;
				PRODUCT_BUNDLE_IDENTIFIER = com.jguo.Moonshot;
				PRODUCT_NAME = "$(TARGET_NAME)";
				SWIFT_EMIT_LOC_STRINGS = YES;
				SWIFT_VERSION = 5.0;
				TARGETED_DEVICE_FAMILY = "1,2";
			};
			name = Release;
		};
		C994BA6B28A3E794003CBBBF /* Debug */ = {
			isa = XCBuildConfiguration;
			buildSettings = {
				ALWAYS_EMBED_SWIFT_STANDARD_LIBRARIES = YES;
				BUNDLE_LOADER = "$(TEST_HOST)";
				CODE_SIGN_STYLE = Automatic;
				CURRENT_PROJECT_VERSION = 1;
				DEVELOPMENT_TEAM = TK2D96DLGZ;
				GENERATE_INFOPLIST_FILE = YES;
				IPHONEOS_DEPLOYMENT_TARGET = 15.5;
				MARKETING_VERSION = 1.0;
				PRODUCT_BUNDLE_IDENTIFIER = com.jguo.MoonshotTests;
				PRODUCT_NAME = "$(TARGET_NAME)";
				SWIFT_EMIT_LOC_STRINGS = NO;
				SWIFT_VERSION = 5.0;
				TARGETED_DEVICE_FAMILY = "1,2";
				TEST_HOST = "$(BUILT_PRODUCTS_DIR)/Moonshot.app/Moonshot";
			};
			name = Debug;
		};
		C994BA6C28A3E794003CBBBF /* Release */ = {
			isa = XCBuildConfiguration;
			buildSettings = {
				ALWAYS_EMBED_SWIFT_STANDARD_LIBRARIES = YES;
				BUNDLE_LOADER = "$(TEST_HOST)";
				CODE_SIGN_STYLE = Automatic;
				CURRENT_PROJECT_VERSION = 1;
				DEVELOPMENT_TEAM = TK2D96DLGZ;
				GENERATE_INFOPLIST_FILE = YES;
				IPHONEOS_DEPLOYMENT_TARGET = 15.5;
				MARKETING_VERSION = 1.0;
				PRODUCT_BUNDLE_IDENTIFIER = com.jguo.MoonshotTests;
				PRODUCT_NAME = "$(TARGET_NAME)";
				SWIFT_EMIT_LOC_STRINGS = NO;
				SWIFT_VERSION = 5.0;
				TARGETED_DEVICE_FAMILY = "1,2";
				TEST_HOST = "$(BUILT_PRODUCTS_DIR)/Moonshot.app/Moonshot";
			};
			name = Release;
		};
		C994BA6E28A3E794003CBBBF /* Debug */ = {
			isa = XCBuildConfiguration;
			buildSettings = {
				ALWAYS_EMBED_SWIFT_STANDARD_LIBRARIES = YES;
				CODE_SIGN_STYLE = Automatic;
				CURRENT_PROJECT_VERSION = 1;
				DEVELOPMENT_TEAM = TK2D96DLGZ;
				GENERATE_INFOPLIST_FILE = YES;
				MARKETING_VERSION = 1.0;
				PRODUCT_BUNDLE_IDENTIFIER = com.jguo.MoonshotUITests;
				PRODUCT_NAME = "$(TARGET_NAME)";
				SWIFT_EMIT_LOC_STRINGS = NO;
				SWIFT_VERSION = 5.0;
				TARGETED_DEVICE_FAMILY = "1,2";
				TEST_TARGET_NAME = Moonshot;
			};
			name = Debug;
		};
		C994BA6F28A3E794003CBBBF /* Release */ = {
			isa = XCBuildConfiguration;
			buildSettings = {
				ALWAYS_EMBED_SWIFT_STANDARD_LIBRARIES = YES;
				CODE_SIGN_STYLE = Automatic;
				CURRENT_PROJECT_VERSION = 1;
				DEVELOPMENT_TEAM = TK2D96DLGZ;
				GENERATE_INFOPLIST_FILE = YES;
				MARKETING_VERSION = 1.0;
				PRODUCT_BUNDLE_IDENTIFIER = com.jguo.MoonshotUITests;
				PRODUCT_NAME = "$(TARGET_NAME)";
				SWIFT_EMIT_LOC_STRINGS = NO;
				SWIFT_VERSION = 5.0;
				TARGETED_DEVICE_FAMILY = "1,2";
				TEST_TARGET_NAME = Moonshot;
			};
			name = Release;
		};
/* End XCBuildConfiguration section */

/* Begin XCConfigurationList section */
		C994BA3E28A3E794003CBBBF /* Build configuration list for PBXProject "Moonshot" */ = {
			isa = XCConfigurationList;
			buildConfigurations = (
				C994BA6528A3E794003CBBBF /* Debug */,
				C994BA6628A3E794003CBBBF /* Release */,
			);
			defaultConfigurationIsVisible = 0;
			defaultConfigurationName = Release;
		};
		C994BA6728A3E794003CBBBF /* Build configuration list for PBXNativeTarget "Moonshot" */ = {
			isa = XCConfigurationList;
			buildConfigurations = (
				C994BA6828A3E794003CBBBF /* Debug */,
				C994BA6928A3E794003CBBBF /* Release */,
			);
			defaultConfigurationIsVisible = 0;
			defaultConfigurationName = Release;
		};
		C994BA6A28A3E794003CBBBF /* Build configuration list for PBXNativeTarget "MoonshotTests" */ = {
			isa = XCConfigurationList;
			buildConfigurations = (
				C994BA6B28A3E794003CBBBF /* Debug */,
				C994BA6C28A3E794003CBBBF /* Release */,
			);
			defaultConfigurationIsVisible = 0;
			defaultConfigurationName = Release;
		};
		C994BA6D28A3E794003CBBBF /* Build configuration list for PBXNativeTarget "MoonshotUITests" */ = {
			isa = XCConfigurationList;
			buildConfigurations = (
				C994BA6E28A3E794003CBBBF /* Debug */,
				C994BA6F28A3E794003CBBBF /* Release */,
			);
			defaultConfigurationIsVisible = 0;
			defaultConfigurationName = Release;
		};
/* End XCConfigurationList section */
	};
	rootObject = C994BA3B28A3E794003CBBBF /* Project object */;
}
